<?xml version="1.0" encoding="utf-8"?>
<Project ToolsVersion="4.0" xmlns="http://schemas.microsoft.com/developer/msbuild/2003">
  <ItemGroup>
    <Filter Include="ソース ファイル">
      <UniqueIdentifier>{4FC737F1-C7A5-4376-A066-2A32D752A2FF}</UniqueIdentifier>
      <Extensions>cpp;c;cc;cxx;c++;cppm;ixx;def;odl;idl;hpj;bat;asm;asmx</Extensions>
    </Filter>
    <Filter Include="ヘッダー ファイル">
      <UniqueIdentifier>{93995380-89BD-4b04-88EB-625FBE52EBFB}</UniqueIdentifier>
      <Extensions>h;hh;hpp;hxx;h++;hm;inl;inc;ipp;xsd</Extensions>
    </Filter>
    <Filter Include="リソース ファイル">
      <UniqueIdentifier>{67DA6AB6-F800-4c08-8B7A-83BB121AAD01}</UniqueIdentifier>
      <Extensions>rc;ico;cur;bmp;dlg;rc2;rct;bin;rgs;gif;jpg;jpeg;jpe;resx;tiff;tif;png;wav;mfcribbon-ms</Extensions>
    </Filter>
    <Filter Include="Cheat">
      <UniqueIdentifier>{fd8a8216-3803-4c7d-8fdc-223a2036a25e}</UniqueIdentifier>
    </Filter>
    <Filter Include="Framework">
      <UniqueIdentifier>{1b9817cd-46f9-4439-9419-78d053c3e152}</UniqueIdentifier>
    </Filter>
    <Filter Include="Cheat\SDK">
      <UniqueIdentifier>{32ca098a-5183-47e8-ae19-3f1ca8e372b6}</UniqueIdentifier>
    </Filter>
    <Filter Include="Cheat\SDK\CPlayer">
      <UniqueIdentifier>{afd37619-aa38-4c63-9a7d-bf8fa35dcf37}</UniqueIdentifier>
    </Filter>
    <Filter Include="Cheat\SDK\CExfil">
      <UniqueIdentifier>{a6314dac-1980-4bda-8817-6522dcd78c12}</UniqueIdentifier>
    </Filter>
    <Filter Include="Cheat\SDK\CItem">
      <UniqueIdentifier>{90d19cbc-e194-4714-b59b-34cf9d2bf64f}</UniqueIdentifier>
    </Filter>
    <Filter Include="Cheat\SDK\GameSDK">
      <UniqueIdentifier>{c2a6f7bc-fc36-46f5-8697-b1e2b32653ee}</UniqueIdentifier>
    </Filter>
    <Filter Include="Framework\ImGui">
      <UniqueIdentifier>{03bde911-4136-4211-b543-7b46323b15f7}</UniqueIdentifier>
    </Filter>
    <Filter Include="Framework\Overlay">
      <UniqueIdentifier>{e3690d65-19d1-411a-8ab9-b939f033d9c0}</UniqueIdentifier>
    </Filter>
    <Filter Include="Framework\Memory">
      <UniqueIdentifier>{944e7055-645c-4769-9c1d-8630d3956f2c}</UniqueIdentifier>
    </Filter>
    <Filter Include="Framework\Config">
      <UniqueIdentifier>{bf36018a-bb1c-4f4a-af02-e08bd092f1b6}</UniqueIdentifier>
    </Filter>
    <Filter Include="Framework\ImGui\Fonts">
      <UniqueIdentifier>{e8677ad1-3fa8-4496-a110-d90a972eb2ee}</UniqueIdentifier>
    </Filter>
  </ItemGroup>
  <ItemGroup>
    <ClCompile Include="main.cpp">
      <Filter>ソース ファイル</Filter>
    </ClCompile>
    <ClCompile Include="Cheat\Features.cpp">
      <Filter>Cheat</Filter>
    </ClCompile>
    <ClCompile Include="Cheat\Menu.cpp">
      <Filter>Cheat</Filter>
    </ClCompile>
    <ClCompile Include="Cheat\Visual.cpp">
      <Filter>Cheat</Filter>
    </ClCompile>
    <ClCompile Include="Cheat\SDK\CPlayer\CPlayer.cpp">
      <Filter>Cheat\SDK\CPlayer</Filter>
    </ClCompile>
    <ClCompile Include="Cheat\SDK\CExfil\CExfil.cpp">
      <Filter>Cheat\SDK\CExfil</Filter>
    </ClCompile>
    <ClCompile Include="Cheat\SDK\GameSDK\GameSDK.cpp">
      <Filter>Cheat\SDK\GameSDK</Filter>
    </ClCompile>
    <ClCompile Include="Cheat\SDK\CItem\CItem.cpp">
      <Filter>Cheat\SDK\CItem</Filter>
    </ClCompile>
    <ClCompile Include="Framework\ImGui\Custom.cpp">
      <Filter>Framework\ImGui</Filter>
    </ClCompile>
    <ClCompile Include="Framework\ImGui\imgui.cpp">
      <Filter>Framework\ImGui</Filter>
    </ClCompile>
    <ClCompile Include="Framework\ImGui\imgui_demo.cpp">
      <Filter>Framework\ImGui</Filter>
    </ClCompile>
    <ClCompile Include="Framework\ImGui\imgui_draw.cpp">
      <Filter>Framework\ImGui</Filter>
    </ClCompile>
    <ClCompile Include="Framework\ImGui\imgui_freetype.cpp">
      <Filter>Framework\ImGui</Filter>
    </ClCompile>
    <ClCompile Include="Framework\ImGui\imgui_impl_dx11.cpp">
      <Filter>Framework\ImGui</Filter>
    </ClCompile>
    <ClCompile Include="Framework\ImGui\imgui_impl_win32.cpp">
      <Filter>Framework\ImGui</Filter>
    </ClCompile>
    <ClCompile Include="Framework\ImGui\imgui_tables.cpp">
      <Filter>Framework\ImGui</Filter>
    </ClCompile>
    <ClCompile Include="Framework\ImGui\imgui_widgets.cpp">
      <Filter>Framework\ImGui</Filter>
    </ClCompile>
    <ClCompile Include="Framework\Overlay\Overlay.cpp">
      <Filter>Framework\Overlay</Filter>
    </ClCompile>
    <ClCompile Include="Framework\Overlay\OverlayUserFunctions.cpp">
      <Filter>Framework\Overlay</Filter>
    </ClCompile>
    <ClCompile Include="Framework\Memory\Memory.cpp">
      <Filter>Framework\Memory</Filter>
    </ClCompile>
    <ClCompile Include="Framework\Config\Config.cpp">
      <Filter>Framework\Config</Filter>
    </ClCompile>
    <ClCompile Include="Cheat\Render.cpp">
      <Filter>Cheat</Filter>
    </ClCompile>
    <ClCompile Include="Cheat\UpdateList.cpp">
      <Filter>Cheat</Filter>
    </ClCompile>
  </ItemGroup>
  <ItemGroup>
    <ClInclude Include="Cheat\Framework.h">
      <Filter>Cheat</Filter>
    </ClInclude>
    <ClInclude Include="Cheat\SDK\CPlayer\CPlayer.h">
      <Filter>Cheat\SDK\CPlayer</Filter>
    </ClInclude>
    <ClInclude Include="Cheat\SDK\CExfil\CExfil.h">
      <Filter>Cheat\SDK\CExfil</Filter>
    </ClInclude>
    <ClInclude Include="Cheat\SDK\GameSDK\GameSDK.h">
      <Filter>Cheat\SDK\GameSDK</Filter>
    </ClInclude>
    <ClInclude Include="Cheat\SDK\GameSDK\Struct.h">
      <Filter>Cheat\SDK\GameSDK</Filter>
    </ClInclude>
    <ClInclude Include="Cheat\SDK\CItem\CItem.h">
      <Filter>Cheat\SDK\CItem</Filter>
    </ClInclude>
    <ClInclude Include="Framework\ImGui\Fonts\fa.h">
      <Filter>Framework\ImGui\Fonts</Filter>
    </ClInclude>
    <ClInclude Include="Framework\ImGui\Fonts\IconsFontAwesome6.h">
      <Filter>Framework\ImGui\Fonts</Filter>
    </ClInclude>
    <ClInclude Include="Framework\ImGui\Fonts\RobotoRegular.h">
      <Filter>Framework\ImGui\Fonts</Filter>
    </ClInclude>
    <ClInclude Include="Framework\ImGui\Custom.h">
      <Filter>Framework\ImGui</Filter>
    </ClInclude>
    <ClInclude Include="Framework\ImGui\imconfig.h">
      <Filter>Framework\ImGui</Filter>
    </ClInclude>
    <ClInclude Include="Framework\ImGui\imgui.h">
      <Filter>Framework\ImGui</Filter>
    </ClInclude>
    <ClInclude Include="Framework\ImGui\imgui_freetype.h">
      <Filter>Framework\ImGui</Filter>
    </ClInclude>
    <ClInclude Include="Framework\ImGui\imgui_impl_dx11.h">
      <Filter>Framework\ImGui</Filter>
    </ClInclude>
    <ClInclude Include="Framework\ImGui\imgui_impl_win32.h">
      <Filter>Framework\ImGui</Filter>
    </ClInclude>
    <ClInclude Include="Framework\ImGui\imgui_internal.h">
      <Filter>Framework\ImGui</Filter>
    </ClInclude>
    <ClInclude Include="Framework\ImGui\imstb_rectpack.h">
      <Filter>Framework\ImGui</Filter>
    </ClInclude>
    <ClInclude Include="Framework\ImGui\imstb_textedit.h">
      <Filter>Framework\ImGui</Filter>
    </ClInclude>
    <ClInclude Include="Framework\ImGui\imstb_truetype.h">
      <Filter>Framework\ImGui</Filter>
    </ClInclude>
    <ClInclude Include="Framework\Overlay\Overlay.h">
      <Filter>Framework\Overlay</Filter>
    </ClInclude>
    <ClInclude Include="Framework\Memory\Memory.h">
      <Filter>Framework\Memory</Filter>
    </ClInclude>
    <ClInclude Include="Framework\Config\Config.h">
      <Filter>Framework\Config</Filter>
    </ClInclude>
    <ClInclude Include="Cheat\SDK\GameSDK\Offset.h">
      <Filter>Cheat\SDK\GameSDK</Filter>
    </ClInclude>
  </ItemGroup>
  <ItemGroup>
    <None Include="..\.gitignore" />
    <None Include="..\LICENSE" />
    <None Include="..\README.md" />
  </ItemGroup>
</Project>